
Microsoft Visual Studio Solution File, Format Version 12.00
# Visual Studio Version 17
VisualStudioVersion = 17.0.31903.59
MinimumVisualStudioVersion = 10.0.40219.1
Project("{FAE04EC0-301F-11D3-BF4B-00C04F79EFBC}") = "TmsApi.Domain", "TmsApi.Domain\TmsApi.Domain.csproj", "{B5956E07-585F-4A4A-880A-F94B181E9372}"
EndProject
Project("{FAE04EC0-301F-11D3-BF4B-00C04F79EFBC}") = "TmsApi.Application", "TmsApi.Application\TmsApi.Application.csproj", "{3C58C20C-C323-412B-BA88-951F7353841D}"
EndProject
Project("{FAE04EC0-301F-11D3-BF4B-00C04F79EFBC}") = "TmsApi.Infrastructure", "TmsApi.Infrastructure\TmsApi.Infrastructure.csproj", "{3E7E663D-D7D8-4870-9FA2-1C5EBEAC3EF7}"
EndProject
Project("{FAE04EC0-301F-11D3-BF4B-00C04F79EFBC}") = "TmsApi.Api", "TmsApi.Api\TmsApi.Api.csproj", "{7CFE9DB5-D935-47C9-881E-94F0D1C7F1BB}"
EndProject
Project("{FAE04EC0-301F-11D3-BF4B-00C04F79EFBC}") = "TmsApi.Tests", "TmsApi.Tests\TmsApi.Tests.csproj", "{BB718B11-3CF0-4F2D-A5F8-CC4E54FF0F9E}"
EndProject
Global
	GlobalSection(SolutionConfigurationPlatforms) = preSolution
		Debug|Any CPU = Debug|Any CPU
		Debug|x64 = Debug|x64
		Debug|x86 = Debug|x86
		Release|Any CPU = Release|Any CPU
		Release|x64 = Release|x64
		Release|x86 = Release|x86
	EndGlobalSection
	GlobalSection(ProjectConfigurationPlatforms) = postSolution
		{B5956E07-585F-4A4A-880A-F94B181E9372}.Debug|Any CPU.ActiveCfg = Debug|Any CPU
		{B5956E07-585F-4A4A-880A-F94B181E9372}.Debug|Any CPU.Build.0 = Debug|Any CPU
		{B5956E07-585F-4A4A-880A-F94B181E9372}.Debug|x64.ActiveCfg = Debug|Any CPU
		{B5956E07-585F-4A4A-880A-F94B181E9372}.Debug|x64.Build.0 = Debug|Any CPU
		{B5956E07-585F-4A4A-880A-F94B181E9372}.Debug|x86.ActiveCfg = Debug|Any CPU
		{B5956E07-585F-4A4A-880A-F94B181E9372}.Debug|x86.Build.0 = Debug|Any CPU
		{B5956E07-585F-4A4A-880A-F94B181E9372}.Release|Any CPU.ActiveCfg = Release|Any CPU
		{B5956E07-585F-4A4A-880A-F94B181E9372}.Release|Any CPU.Build.0 = Release|Any CPU
		{B5956E07-585F-4A4A-880A-F94B181E9372}.Release|x64.ActiveCfg = Release|Any CPU
		{B5956E07-585F-4A4A-880A-F94B181E9372}.Release|x64.Build.0 = Release|Any CPU
		{B5956E07-585F-4A4A-880A-F94B181E9372}.Release|x86.ActiveCfg = Release|Any CPU
		{B5956E07-585F-4A4A-880A-F94B181E9372}.Release|x86.Build.0 = Release|Any CPU
		{3C58C20C-C323-412B-BA88-951F7353841D}.Debug|Any CPU.ActiveCfg = Debug|Any CPU
		{3C58C20C-C323-412B-BA88-951F7353841D}.Debug|Any CPU.Build.0 = Debug|Any CPU
		{3C58C20C-C323-412B-BA88-951F7353841D}.Debug|x64.ActiveCfg = Debug|Any CPU
		{3C58C20C-C323-412B-BA88-951F7353841D}.Debug|x64.Build.0 = Debug|Any CPU
		{3C58C20C-C323-412B-BA88-951F7353841D}.Debug|x86.ActiveCfg = Debug|Any CPU
		{3C58C20C-C323-412B-BA88-951F7353841D}.Debug|x86.Build.0 = Debug|Any CPU
		{3C58C20C-C323-412B-BA88-951F7353841D}.Release|Any CPU.ActiveCfg = Release|Any CPU
		{3C58C20C-C323-412B-BA88-951F7353841D}.Release|Any CPU.Build.0 = Release|Any CPU
		{3C58C20C-C323-412B-BA88-951F7353841D}.Release|x64.ActiveCfg = Release|Any CPU
		{3C58C20C-C323-412B-BA88-951F7353841D}.Release|x64.Build.0 = Release|Any CPU
		{3C58C20C-C323-412B-BA88-951F7353841D}.Release|x86.ActiveCfg = Release|Any CPU
		{3C58C20C-C323-412B-BA88-951F7353841D}.Release|x86.Build.0 = Release|Any CPU
		{3E7E663D-D7D8-4870-9FA2-1C5EBEAC3EF7}.Debug|Any CPU.ActiveCfg = Debug|Any CPU
		{3E7E663D-D7D8-4870-9FA2-1C5EBEAC3EF7}.Debug|Any CPU.Build.0 = Debug|Any CPU
		{3E7E663D-D7D8-4870-9FA2-1C5EBEAC3EF7}.Debug|x64.ActiveCfg = Debug|Any CPU
		{3E7E663D-D7D8-4870-9FA2-1C5EBEAC3EF7}.Debug|x64.Build.0 = Debug|Any CPU
		{3E7E663D-D7D8-4870-9FA2-1C5EBEAC3EF7}.Debug|x86.ActiveCfg = Debug|Any CPU
		{3E7E663D-D7D8-4870-9FA2-1C5EBEAC3EF7}.Debug|x86.Build.0 = Debug|Any CPU
		{3E7E663D-D7D8-4870-9FA2-1C5EBEAC3EF7}.Release|Any CPU.ActiveCfg = Release|Any CPU
		{3E7E663D-D7D8-4870-9FA2-1C5EBEAC3EF7}.Release|Any CPU.Build.0 = Release|Any CPU
		{3E7E663D-D7D8-4870-9FA2-1C5EBEAC3EF7}.Release|x64.ActiveCfg = Release|Any CPU
		{3E7E663D-D7D8-4870-9FA2-1C5EBEAC3EF7}.Release|x64.Build.0 = Release|Any CPU
		{3E7E663D-D7D8-4870-9FA2-1C5EBEAC3EF7}.Release|x86.ActiveCfg = Release|Any CPU
		{3E7E663D-D7D8-4870-9FA2-1C5EBEAC3EF7}.Release|x86.Build.0 = Release|Any CPU
		{7CFE9DB5-D935-47C9-881E-94F0D1C7F1BB}.Debug|Any CPU.ActiveCfg = Debug|Any CPU
		{7CFE9DB5-D935-47C9-881E-94F0D1C7F1BB}.Debug|Any CPU.Build.0 = Debug|Any CPU
		{7CFE9DB5-D935-47C9-881E-94F0D1C7F1BB}.Debug|x64.ActiveCfg = Debug|Any CPU
		{7CFE9DB5-D935-47C9-881E-94F0D1C7F1BB}.Debug|x64.Build.0 = Debug|Any CPU
		{7CFE9DB5-D935-47C9-881E-94F0D1C7F1BB}.Debug|x86.ActiveCfg = Debug|Any CPU
		{7CFE9DB5-D935-47C9-881E-94F0D1C7F1BB}.Debug|x86.Build.0 = Debug|Any CPU
		{7CFE9DB5-D935-47C9-881E-94F0D1C7F1BB}.Release|Any CPU.ActiveCfg = Release|Any CPU
		{7CFE9DB5-D935-47C9-881E-94F0D1C7F1BB}.Release|Any CPU.Build.0 = Release|Any CPU
		{7CFE9DB5-D935-47C9-881E-94F0D1C7F1BB}.Release|x64.ActiveCfg = Release|Any CPU
		{7CFE9DB5-D935-47C9-881E-94F0D1C7F1BB}.Release|x64.Build.0 = Release|Any CPU
		{7CFE9DB5-D935-47C9-881E-94F0D1C7F1BB}.Release|x86.ActiveCfg = Release|Any CPU
		{7CFE9DB5-D935-47C9-881E-94F0D1C7F1BB}.Release|x86.Build.0 = Release|Any CPU
		{BB718B11-3CF0-4F2D-A5F8-CC4E54FF0F9E}.Debug|Any CPU.ActiveCfg = Debug|Any CPU
		{BB718B11-3CF0-4F2D-A5F8-CC4E54FF0F9E}.Debug|Any CPU.Build.0 = Debug|Any CPU
		{BB718B11-3CF0-4F2D-A5F8-CC4E54FF0F9E}.Debug|x64.ActiveCfg = Debug|Any CPU
		{BB718B11-3CF0-4F2D-A5F8-CC4E54FF0F9E}.Debug|x64.Build.0 = Debug|Any CPU
		{BB718B11-3CF0-4F2D-A5F8-CC4E54FF0F9E}.Debug|x86.ActiveCfg = Debug|Any CPU
		{BB718B11-3CF0-4F2D-A5F8-CC4E54FF0F9E}.Debug|x86.Build.0 = Debug|Any CPU
		{BB718B11-3CF0-4F2D-A5F8-CC4E54FF0F9E}.Release|Any CPU.ActiveCfg = Release|Any CPU
		{BB718B11-3CF0-4F2D-A5F8-CC4E54FF0F9E}.Release|Any CPU.Build.0 = Release|Any CPU
		{BB718B11-3CF0-4F2D-A5F8-CC4E54FF0F9E}.Release|x64.ActiveCfg = Release|Any CPU
		{BB718B11-3CF0-4F2D-A5F8-CC4E54FF0F9E}.Release|x64.Build.0 = Release|Any CPU
		{BB718B11-3CF0-4F2D-A5F8-CC4E54FF0F9E}.Release|x86.ActiveCfg = Release|Any CPU
		{BB718B11-3CF0-4F2D-A5F8-CC4E54FF0F9E}.Release|x86.Build.0 = Release|Any CPU
	EndGlobalSection
	GlobalSection(SolutionProperties) = preSolution
		HideSolutionNode = FALSE
	EndGlobalSection
EndGlobal
